
Microsoft Visual Studio Solution File, Format Version 12.00
# Visual Studio Version 16
VisualStudioVersion = 16.0.29009.5
MinimumVisualStudioVersion = 10.0.40219.1
Project("{9A19103F-16F7-4668-BE54-9A1E7A4F7556}") = "Core", "Core\Core.csproj", "{0B2CD51F-0676-4134-9DFE-5F8CFDE749EC}"
EndProject
Project("{9A19103F-16F7-4668-BE54-9A1E7A4F7556}") = "Core_Tests", "Core_Tests\Core_Tests.csproj", "{A56F1537-E35E-4F13-B370-CBED74A73A96}"
EndProject
Global
	GlobalSection(SolutionConfigurationPlatforms) = preSolution
		Debug|Any CPU = Debug|Any CPU
		Release|Any CPU = Release|Any CPU
	EndGlobalSection
	GlobalSection(ProjectConfigurationPlatforms) = postSolution
		{0B2CD51F-0676-4134-9DFE-5F8CFDE749EC}.Debug|Any CPU.ActiveCfg = Debug|Any CPU
		{0B2CD51F-0676-4134-9DFE-5F8CFDE749EC}.Debug|Any CPU.Build.0 = Debug|Any CPU
		{0B2CD51F-0676-4134-9DFE-5F8CFDE749EC}.Release|Any CPU.ActiveCfg = Release|Any CPU
		{0B2CD51F-0676-4134-9DFE-5F8CFDE749EC}.Release|Any CPU.Build.0 = Release|Any CPU
		{A56F1537-E35E-4F13-B370-CBED74A73A96}.Debug|Any CPU.ActiveCfg = Debug|Any CPU
		{A56F1537-E35E-4F13-B370-CBED74A73A96}.Debug|Any CPU.Build.0 = Debug|Any CPU
		{A56F1537-E35E-4F13-B370-CBED74A73A96}.Release|Any CPU.ActiveCfg = Release|Any CPU
		{A56F1537-E35E-4F13-B370-CBED74A73A96}.Release|Any CPU.Build.0 = Release|Any CPU
	EndGlobalSection
	GlobalSection(SolutionProperties) = preSolution
		HideSolutionNode = FALSE
	EndGlobalSection
	GlobalSection(ExtensibilityGlobals) = postSolution
		SolutionGuid = {B38EAEAC-E484-4B44-8D1A-5722CC1DE293}
	EndGlobalSection
EndGlobal
