
Microsoft Visual Studio Solution File, Format Version 12.00
# Visual Studio Version 16
VisualStudioVersion = 16.0.29009.5
MinimumVisualStudioVersion = 10.0.40219.1
Project("{9A19103F-16F7-4668-BE54-9A1E7A4F7556}") = "TaskPlexTests", "TaskPlexTests\TaskPlexTests.csproj", "{A56F1537-E35E-4F13-B370-CBED74A73A96}"
EndProject
Project("{9A19103F-16F7-4668-BE54-9A1E7A4F7556}") = "WPF", "WPF\WPF\WPF.csproj", "{9827F5D9-F4BF-4B33-A706-D06976A42E1F}"
EndProject
Project("{FAE04EC0-301F-11D3-BF4B-00C04F79EFBC}") = "WPFDemo", "WPF\WPFDemo\WPFDemo.csproj", "{8105F25C-1D30-4AEF-980E-94CC213333D0}"
EndProject
Project("{9A19103F-16F7-4668-BE54-9A1E7A4F7556}") = "Graphics", "Core\Graphics\Graphics.csproj", "{47521782-3A4D-414E-9476-E5DE3373FADD}"
EndProject
Project("{9A19103F-16F7-4668-BE54-9A1E7A4F7556}") = "Interpolation", "Core\Interpolation\Interpolation.csproj", "{2BD25A4C-5A21-4236-A74E-85D9351025B5}"
EndProject
Project("{9A19103F-16F7-4668-BE54-9A1E7A4F7556}") = "Engine", "Core\Engine\Engine.csproj", "{CDA96836-03D1-4C14-906A-32A4A92C3795}"
EndProject
Project("{9A19103F-16F7-4668-BE54-9A1E7A4F7556}") = "BlazorDemo", "Blazor\BlazorDemo\BlazorDemo.csproj", "{A5EDD720-A233-4EE0-BD6B-A61B2D80431D}"
EndProject
Project("{9A19103F-16F7-4668-BE54-9A1E7A4F7556}") = "BlazorGraphics", "Blazor\BlazorGraphics\BlazorGraphics.csproj", "{00A7D218-72D3-401F-818B-FD3506772D7E}"
EndProject
Project("{2150E333-8FDC-42A3-9474-1A3956D46DE8}") = "Blazor", "Blazor", "{FF9AAADF-CAFF-48D9-951F-50E9A2352801}"
EndProject
Project("{2150E333-8FDC-42A3-9474-1A3956D46DE8}") = "WPF", "WPF", "{4650C25D-86A5-436E-BB82-DE4EB88921FA}"
EndProject
Project("{2150E333-8FDC-42A3-9474-1A3956D46DE8}") = "Core", "Core", "{4BB8F037-34F7-4CE3-ABA8-ED8D01C5068F}"
EndProject
Global
	GlobalSection(SolutionConfigurationPlatforms) = preSolution
		Debug|Any CPU = Debug|Any CPU
		Release|Any CPU = Release|Any CPU
	EndGlobalSection
	GlobalSection(ProjectConfigurationPlatforms) = postSolution
		{A56F1537-E35E-4F13-B370-CBED74A73A96}.Debug|Any CPU.ActiveCfg = Debug|Any CPU
		{A56F1537-E35E-4F13-B370-CBED74A73A96}.Debug|Any CPU.Build.0 = Debug|Any CPU
		{A56F1537-E35E-4F13-B370-CBED74A73A96}.Release|Any CPU.ActiveCfg = Release|Any CPU
		{A56F1537-E35E-4F13-B370-CBED74A73A96}.Release|Any CPU.Build.0 = Release|Any CPU
		{9827F5D9-F4BF-4B33-A706-D06976A42E1F}.Debug|Any CPU.ActiveCfg = Debug|Any CPU
		{9827F5D9-F4BF-4B33-A706-D06976A42E1F}.Debug|Any CPU.Build.0 = Debug|Any CPU
		{9827F5D9-F4BF-4B33-A706-D06976A42E1F}.Release|Any CPU.ActiveCfg = Release|Any CPU
		{9827F5D9-F4BF-4B33-A706-D06976A42E1F}.Release|Any CPU.Build.0 = Release|Any CPU
		{8105F25C-1D30-4AEF-980E-94CC213333D0}.Debug|Any CPU.ActiveCfg = Debug|Any CPU
		{8105F25C-1D30-4AEF-980E-94CC213333D0}.Debug|Any CPU.Build.0 = Debug|Any CPU
		{8105F25C-1D30-4AEF-980E-94CC213333D0}.Release|Any CPU.ActiveCfg = Release|Any CPU
		{8105F25C-1D30-4AEF-980E-94CC213333D0}.Release|Any CPU.Build.0 = Release|Any CPU
		{47521782-3A4D-414E-9476-E5DE3373FADD}.Debug|Any CPU.ActiveCfg = Debug|Any CPU
		{47521782-3A4D-414E-9476-E5DE3373FADD}.Debug|Any CPU.Build.0 = Debug|Any CPU
		{47521782-3A4D-414E-9476-E5DE3373FADD}.Release|Any CPU.ActiveCfg = Release|Any CPU
		{47521782-3A4D-414E-9476-E5DE3373FADD}.Release|Any CPU.Build.0 = Release|Any CPU
		{2BD25A4C-5A21-4236-A74E-85D9351025B5}.Debug|Any CPU.ActiveCfg = Debug|Any CPU
		{2BD25A4C-5A21-4236-A74E-85D9351025B5}.Debug|Any CPU.Build.0 = Debug|Any CPU
		{2BD25A4C-5A21-4236-A74E-85D9351025B5}.Release|Any CPU.ActiveCfg = Release|Any CPU
		{2BD25A4C-5A21-4236-A74E-85D9351025B5}.Release|Any CPU.Build.0 = Release|Any CPU
		{CDA96836-03D1-4C14-906A-32A4A92C3795}.Debug|Any CPU.ActiveCfg = Debug|Any CPU
		{CDA96836-03D1-4C14-906A-32A4A92C3795}.Debug|Any CPU.Build.0 = Debug|Any CPU
		{CDA96836-03D1-4C14-906A-32A4A92C3795}.Release|Any CPU.ActiveCfg = Release|Any CPU
		{CDA96836-03D1-4C14-906A-32A4A92C3795}.Release|Any CPU.Build.0 = Release|Any CPU
		{A5EDD720-A233-4EE0-BD6B-A61B2D80431D}.Debug|Any CPU.ActiveCfg = Debug|Any CPU
		{A5EDD720-A233-4EE0-BD6B-A61B2D80431D}.Debug|Any CPU.Build.0 = Debug|Any CPU
		{A5EDD720-A233-4EE0-BD6B-A61B2D80431D}.Release|Any CPU.ActiveCfg = Release|Any CPU
		{A5EDD720-A233-4EE0-BD6B-A61B2D80431D}.Release|Any CPU.Build.0 = Release|Any CPU
		{00A7D218-72D3-401F-818B-FD3506772D7E}.Debug|Any CPU.ActiveCfg = Debug|Any CPU
		{00A7D218-72D3-401F-818B-FD3506772D7E}.Debug|Any CPU.Build.0 = Debug|Any CPU
		{00A7D218-72D3-401F-818B-FD3506772D7E}.Release|Any CPU.ActiveCfg = Release|Any CPU
		{00A7D218-72D3-401F-818B-FD3506772D7E}.Release|Any CPU.Build.0 = Release|Any CPU
	EndGlobalSection
	GlobalSection(SolutionProperties) = preSolution
		HideSolutionNode = FALSE
	EndGlobalSection
	GlobalSection(NestedProjects) = preSolution
		{A56F1537-E35E-4F13-B370-CBED74A73A96} = {4BB8F037-34F7-4CE3-ABA8-ED8D01C5068F}
		{9827F5D9-F4BF-4B33-A706-D06976A42E1F} = {4650C25D-86A5-436E-BB82-DE4EB88921FA}
		{8105F25C-1D30-4AEF-980E-94CC213333D0} = {4650C25D-86A5-436E-BB82-DE4EB88921FA}
		{47521782-3A4D-414E-9476-E5DE3373FADD} = {4BB8F037-34F7-4CE3-ABA8-ED8D01C5068F}
		{2BD25A4C-5A21-4236-A74E-85D9351025B5} = {4BB8F037-34F7-4CE3-ABA8-ED8D01C5068F}
		{CDA96836-03D1-4C14-906A-32A4A92C3795} = {4BB8F037-34F7-4CE3-ABA8-ED8D01C5068F}
		{A5EDD720-A233-4EE0-BD6B-A61B2D80431D} = {FF9AAADF-CAFF-48D9-951F-50E9A2352801}
		{00A7D218-72D3-401F-818B-FD3506772D7E} = {FF9AAADF-CAFF-48D9-951F-50E9A2352801}
	EndGlobalSection
	GlobalSection(ExtensibilityGlobals) = postSolution
		SolutionGuid = {B38EAEAC-E484-4B44-8D1A-5722CC1DE293}
	EndGlobalSection
EndGlobal
